
Microsoft Visual Studio Solution File, Format Version 12.00
# Visual Studio Version 17
VisualStudioVersion = 17.1.32228.430
MinimumVisualStudioVersion = 10.0.40219.1
Project("{9A19103F-16F7-4668-BE54-9A1E7A4F7556}") = "MediaClient", "MediaClient\MediaClient.csproj", "{10881059-D619-4089-A81F-B1E5BCD28922}"
EndProject
Project("{9A19103F-16F7-4668-BE54-9A1E7A4F7556}") = "MediaServer", "MediaServer\MediaServer.csproj", "{15F5AB04-1960-45F1-9C39-B9BAB8E1F40A}"
EndProject
Global
	GlobalSection(SolutionConfigurationPlatforms) = preSolution
		Debug|Any CPU = Debug|Any CPU
		Release|Any CPU = Release|Any CPU
	EndGlobalSection
	GlobalSection(ProjectConfigurationPlatforms) = postSolution
		{10881059-D619-4089-A81F-B1E5BCD28922}.Debug|Any CPU.ActiveCfg = Debug|Any CPU
		{10881059-D619-4089-A81F-B1E5BCD28922}.Debug|Any CPU.Build.0 = Debug|Any CPU
		{10881059-D619-4089-A81F-B1E5BCD28922}.Release|Any CPU.ActiveCfg = Release|Any CPU
		{10881059-D619-4089-A81F-B1E5BCD28922}.Release|Any CPU.Build.0 = Release|Any CPU
		{15F5AB04-1960-45F1-9C39-B9BAB8E1F40A}.Debug|Any CPU.ActiveCfg = Debug|Any CPU
		{15F5AB04-1960-45F1-9C39-B9BAB8E1F40A}.Debug|Any CPU.Build.0 = Debug|Any CPU
		{15F5AB04-1960-45F1-9C39-B9BAB8E1F40A}.Release|Any CPU.ActiveCfg = Release|Any CPU
		{15F5AB04-1960-45F1-9C39-B9BAB8E1F40A}.Release|Any CPU.Build.0 = Release|Any CPU
	EndGlobalSection
	GlobalSection(SolutionProperties) = preSolution
		HideSolutionNode = FALSE
	EndGlobalSection
	GlobalSection(ExtensibilityGlobals) = postSolution
		SolutionGuid = {E817861D-024A-4A79-B14A-FB96804CBD99}
	EndGlobalSection
EndGlobal
